// !$*UTF8*$!
{
	archiveVersion = 1;
	classes = {
	};
	objectVersion = 56;
	objects = {

/* Begin PBXBuildFile section */
		F62E56E92B5A64EE0008D302 /* ShabbyBoxApp.swift in Sources */ = {isa = PBXBuildFile; fileRef = F62E56E82B5A64EE0008D302 /* ShabbyBoxApp.swift */; };
		F62E56ED2B5A64EF0008D302 /* Assets.xcassets in Resources */ = {isa = PBXBuildFile; fileRef = F62E56EC2B5A64EF0008D302 /* Assets.xcassets */; };
		F62E56F02B5A64EF0008D302 /* Preview Assets.xcassets in Resources */ = {isa = PBXBuildFile; fileRef = F62E56EF2B5A64EF0008D302 /* Preview Assets.xcassets */; };
		F62E56FA2B5BFDA10008D302 /* UserModel.swift in Sources */ = {isa = PBXBuildFile; fileRef = F62E56F92B5BFDA10008D302 /* UserModel.swift */; };
		F62E56FC2B5BFDC10008D302 /* MVVMView.swift in Sources */ = {isa = PBXBuildFile; fileRef = F62E56FB2B5BFDC10008D302 /* MVVMView.swift */; };
		F62E56FE2B5BFEC90008D302 /* UserViewModel.swift in Sources */ = {isa = PBXBuildFile; fileRef = F62E56FD2B5BFEC90008D302 /* UserViewModel.swift */; };
		F646053F2B5E6B8600588195 /* UserList.swift in Sources */ = {isa = PBXBuildFile; fileRef = F646053E2B5E6B8600588195 /* UserList.swift */; };
		F64605422B5E6CEF00588195 /* FrameExtension.swift in Sources */ = {isa = PBXBuildFile; fileRef = F64605412B5E6CEF00588195 /* FrameExtension.swift */; };
		F646054C2B5FF44F00588195 /* User.json in Resources */ = {isa = PBXBuildFile; fileRef = F646054B2B5FF44F00588195 /* User.json */; };
		F646054E2B5FF63F00588195 /* JsonDecodeExtension.swift in Sources */ = {isa = PBXBuildFile; fileRef = F646054D2B5FF63F00588195 /* JsonDecodeExtension.swift */; };
		F64605502B63908500588195 /* MainView.swift in Sources */ = {isa = PBXBuildFile; fileRef = F646054F2B63908500588195 /* MainView.swift */; };
		F67CAD242B65460C007FF1F2 /* AppInfoView.swift in Sources */ = {isa = PBXBuildFile; fileRef = F67CAD232B65460C007FF1F2 /* AppInfoView.swift */; };
		F67CAD262B6784E8007FF1F2 /* AppInfoLabel.swift in Sources */ = {isa = PBXBuildFile; fileRef = F67CAD252B6784E8007FF1F2 /* AppInfoLabel.swift */; };
		F67CAD282B67861B007FF1F2 /* AppInfoContent.swift in Sources */ = {isa = PBXBuildFile; fileRef = F67CAD272B67861B007FF1F2 /* AppInfoContent.swift */; };
		F67CAD2A2B679799007FF1F2 /* AppInfo.swift in Sources */ = {isa = PBXBuildFile; fileRef = F67CAD292B679799007FF1F2 /* AppInfo.swift */; };
		F67CAD2C2B734D9B007FF1F2 /* AddUserSheet.swift in Sources */ = {isa = PBXBuildFile; fileRef = F67CAD2B2B734D9B007FF1F2 /* AddUserSheet.swift */; };
/* End PBXBuildFile section */

/* Begin PBXFileReference section */
		F62E56E52B5A64EE0008D302 /* ShabbyBox.app */ = {isa = PBXFileReference; explicitFileType = wrapper.application; includeInIndex = 0; path = ShabbyBox.app; sourceTree = BUILT_PRODUCTS_DIR; };
		F62E56E82B5A64EE0008D302 /* ShabbyBoxApp.swift */ = {isa = PBXFileReference; lastKnownFileType = sourcecode.swift; path = ShabbyBoxApp.swift; sourceTree = "<group>"; };
		F62E56EC2B5A64EF0008D302 /* Assets.xcassets */ = {isa = PBXFileReference; lastKnownFileType = folder.assetcatalog; path = Assets.xcassets; sourceTree = "<group>"; };
		F62E56EF2B5A64EF0008D302 /* Preview Assets.xcassets */ = {isa = PBXFileReference; lastKnownFileType = folder.assetcatalog; path = "Preview Assets.xcassets"; sourceTree = "<group>"; };
		F62E56F92B5BFDA10008D302 /* UserModel.swift */ = {isa = PBXFileReference; lastKnownFileType = sourcecode.swift; path = UserModel.swift; sourceTree = "<group>"; };
		F62E56FB2B5BFDC10008D302 /* MVVMView.swift */ = {isa = PBXFileReference; lastKnownFileType = sourcecode.swift; path = MVVMView.swift; sourceTree = "<group>"; };
		F62E56FD2B5BFEC90008D302 /* UserViewModel.swift */ = {isa = PBXFileReference; lastKnownFileType = sourcecode.swift; path = UserViewModel.swift; sourceTree = "<group>"; };
		F646053E2B5E6B8600588195 /* UserList.swift */ = {isa = PBXFileReference; lastKnownFileType = sourcecode.swift; path = UserList.swift; sourceTree = "<group>"; };
		F64605412B5E6CEF00588195 /* FrameExtension.swift */ = {isa = PBXFileReference; lastKnownFileType = sourcecode.swift; path = FrameExtension.swift; sourceTree = "<group>"; };
		F646054B2B5FF44F00588195 /* User.json */ = {isa = PBXFileReference; lastKnownFileType = text.json; path = User.json; sourceTree = "<group>"; };
		F646054D2B5FF63F00588195 /* JsonDecodeExtension.swift */ = {isa = PBXFileReference; lastKnownFileType = sourcecode.swift; path = JsonDecodeExtension.swift; sourceTree = "<group>"; };
		F646054F2B63908500588195 /* MainView.swift */ = {isa = PBXFileReference; lastKnownFileType = sourcecode.swift; path = MainView.swift; sourceTree = "<group>"; };
		F67CAD232B65460C007FF1F2 /* AppInfoView.swift */ = {isa = PBXFileReference; lastKnownFileType = sourcecode.swift; path = AppInfoView.swift; sourceTree = "<group>"; };
		F67CAD252B6784E8007FF1F2 /* AppInfoLabel.swift */ = {isa = PBXFileReference; lastKnownFileType = sourcecode.swift; path = AppInfoLabel.swift; sourceTree = "<group>"; };
		F67CAD272B67861B007FF1F2 /* AppInfoContent.swift */ = {isa = PBXFileReference; lastKnownFileType = sourcecode.swift; path = AppInfoContent.swift; sourceTree = "<group>"; };
		F67CAD292B679799007FF1F2 /* AppInfo.swift */ = {isa = PBXFileReference; lastKnownFileType = sourcecode.swift; path = AppInfo.swift; sourceTree = "<group>"; };
		F67CAD2B2B734D9B007FF1F2 /* AddUserSheet.swift */ = {isa = PBXFileReference; lastKnownFileType = sourcecode.swift; path = AddUserSheet.swift; sourceTree = "<group>"; };
/* End PBXFileReference section */

/* Begin PBXFrameworksBuildPhase section */
		F62E56E22B5A64EE0008D302 /* Frameworks */ = {
			isa = PBXFrameworksBuildPhase;
			buildActionMask = 2147483647;
			files = (
			);
			runOnlyForDeploymentPostprocessing = 0;
		};
/* End PBXFrameworksBuildPhase section */

/* Begin PBXGroup section */
		F62E56DC2B5A64EE0008D302 = {
			isa = PBXGroup;
			children = (
				F62E56E72B5A64EE0008D302 /* ShabbyBox */,
				F62E56E62B5A64EE0008D302 /* Products */,
			);
			sourceTree = "<group>";
		};
		F62E56E62B5A64EE0008D302 /* Products */ = {
			isa = PBXGroup;
			children = (
				F62E56E52B5A64EE0008D302 /* ShabbyBox.app */,
			);
			name = Products;
			sourceTree = "<group>";
		};
		F62E56E72B5A64EE0008D302 /* ShabbyBox */ = {
			isa = PBXGroup;
			children = (
				F62E56F62B5BFD510008D302 /* Model */,
				F62E56F72B5BFD5B0008D302 /* View */,
				F62E56F82B5BFD800008D302 /* ViewModel */,
				F62E56E82B5A64EE0008D302 /* ShabbyBoxApp.swift */,
				F62E56EC2B5A64EF0008D302 /* Assets.xcassets */,
				F64605432B5FF30800588195 /* Data */,
				F64605402B5E6CC000588195 /* Extensions */,
				F62E56EE2B5A64EF0008D302 /* Preview Content */,
			);
			path = ShabbyBox;
			sourceTree = "<group>";
		};
		F62E56EE2B5A64EF0008D302 /* Preview Content */ = {
			isa = PBXGroup;
			children = (
				F62E56EF2B5A64EF0008D302 /* Preview Assets.xcassets */,
			);
			path = "Preview Content";
			sourceTree = "<group>";
		};
		F62E56F62B5BFD510008D302 /* Model */ = {
			isa = PBXGroup;
			children = (
				F62E56F92B5BFDA10008D302 /* UserModel.swift */,
			);
			path = Model;
			sourceTree = "<group>";
		};
		F62E56F72B5BFD5B0008D302 /* View */ = {
			isa = PBXGroup;
			children = (
				F646053D2B5E6B7900588195 /* Components */,
				F646054F2B63908500588195 /* MainView.swift */,
				F62E56FB2B5BFDC10008D302 /* MVVMView.swift */,
				F67CAD232B65460C007FF1F2 /* AppInfoView.swift */,
			);
			path = View;
			sourceTree = "<group>";
		};
		F62E56F82B5BFD800008D302 /* ViewModel */ = {
			isa = PBXGroup;
			children = (
				F62E56FD2B5BFEC90008D302 /* UserViewModel.swift */,
			);
			path = ViewModel;
			sourceTree = "<group>";
		};
		F646053D2B5E6B7900588195 /* Components */ = {
			isa = PBXGroup;
			children = (
				F646053E2B5E6B8600588195 /* UserList.swift */,
				F67CAD252B6784E8007FF1F2 /* AppInfoLabel.swift */,
				F67CAD272B67861B007FF1F2 /* AppInfoContent.swift */,
				F67CAD292B679799007FF1F2 /* AppInfo.swift */,
				F67CAD2B2B734D9B007FF1F2 /* AddUserSheet.swift */,
			);
			path = Components;
			sourceTree = "<group>";
		};
		F64605402B5E6CC000588195 /* Extensions */ = {
			isa = PBXGroup;
			children = (
				F64605412B5E6CEF00588195 /* FrameExtension.swift */,
				F646054D2B5FF63F00588195 /* JsonDecodeExtension.swift */,
			);
			path = Extensions;
			sourceTree = "<group>";
		};
		F64605432B5FF30800588195 /* Data */ = {
			isa = PBXGroup;
			children = (
				F646054B2B5FF44F00588195 /* User.json */,
			);
			path = Data;
			sourceTree = "<group>";
		};
/* End PBXGroup section */

/* Begin PBXNativeTarget section */
		F62E56E42B5A64EE0008D302 /* ShabbyBox */ = {
			isa = PBXNativeTarget;
			buildConfigurationList = F62E56F32B5A64EF0008D302 /* Build configuration list for PBXNativeTarget "ShabbyBox" */;
			buildPhases = (
				F62E56E12B5A64EE0008D302 /* Sources */,
				F62E56E22B5A64EE0008D302 /* Frameworks */,
				F62E56E32B5A64EE0008D302 /* Resources */,
			);
			buildRules = (
			);
			dependencies = (
			);
			name = ShabbyBox;
			productName = ShabbyBox;
			productReference = F62E56E52B5A64EE0008D302 /* ShabbyBox.app */;
			productType = "com.apple.product-type.application";
		};
/* End PBXNativeTarget section */

/* Begin PBXProject section */
		F62E56DD2B5A64EE0008D302 /* Project object */ = {
			isa = PBXProject;
			attributes = {
				BuildIndependentTargetsInParallel = 1;
				LastSwiftUpdateCheck = 1510;
				LastUpgradeCheck = 1510;
				TargetAttributes = {
					F62E56E42B5A64EE0008D302 = {
						CreatedOnToolsVersion = 15.1;
					};
				};
			};
			buildConfigurationList = F62E56E02B5A64EE0008D302 /* Build configuration list for PBXProject "ShabbyBox" */;
			compatibilityVersion = "Xcode 14.0";
			developmentRegion = en;
			hasScannedForEncodings = 0;
			knownRegions = (
				en,
				Base,
			);
			mainGroup = F62E56DC2B5A64EE0008D302;
			productRefGroup = F62E56E62B5A64EE0008D302 /* Products */;
			projectDirPath = "";
			projectRoot = "";
			targets = (
				F62E56E42B5A64EE0008D302 /* ShabbyBox */,
			);
		};
/* End PBXProject section */

/* Begin PBXResourcesBuildPhase section */
		F62E56E32B5A64EE0008D302 /* Resources */ = {
			isa = PBXResourcesBuildPhase;
			buildActionMask = 2147483647;
			files = (
				F646054C2B5FF44F00588195 /* User.json in Resources */,
				F62E56F02B5A64EF0008D302 /* Preview Assets.xcassets in Resources */,
				F62E56ED2B5A64EF0008D302 /* Assets.xcassets in Resources */,
			);
			runOnlyForDeploymentPostprocessing = 0;
		};
/* End PBXResourcesBuildPhase section */

/* Begin PBXSourcesBuildPhase section */
		F62E56E12B5A64EE0008D302 /* Sources */ = {
			isa = PBXSourcesBuildPhase;
			buildActionMask = 2147483647;
			files = (
				F64605502B63908500588195 /* MainView.swift in Sources */,
				F62E56FA2B5BFDA10008D302 /* UserModel.swift in Sources */,
				F64605422B5E6CEF00588195 /* FrameExtension.swift in Sources */,
				F67CAD242B65460C007FF1F2 /* AppInfoView.swift in Sources */,
				F62E56FC2B5BFDC10008D302 /* MVVMView.swift in Sources */,
				F67CAD2A2B679799007FF1F2 /* AppInfo.swift in Sources */,
				F62E56FE2B5BFEC90008D302 /* UserViewModel.swift in Sources */,
				F646053F2B5E6B8600588195 /* UserList.swift in Sources */,
				F62E56E92B5A64EE0008D302 /* ShabbyBoxApp.swift in Sources */,
				F67CAD262B6784E8007FF1F2 /* AppInfoLabel.swift in Sources */,
				F67CAD282B67861B007FF1F2 /* AppInfoContent.swift in Sources */,
				F646054E2B5FF63F00588195 /* JsonDecodeExtension.swift in Sources */,
				F67CAD2C2B734D9B007FF1F2 /* AddUserSheet.swift in Sources */,
			);
			runOnlyForDeploymentPostprocessing = 0;
		};
/* End PBXSourcesBuildPhase section */

/* Begin XCBuildConfiguration section */
		F62E56F12B5A64EF0008D302 /* Debug */ = {
			isa = XCBuildConfiguration;
			buildSettings = {
				ALWAYS_SEARCH_USER_PATHS = NO;
				ASSETCATALOG_COMPILER_GENERATE_SWIFT_ASSET_SYMBOL_EXTENSIONS = YES;
				CLANG_ANALYZER_NONNULL = YES;
				CLANG_ANALYZER_NUMBER_OBJECT_CONVERSION = YES_AGGRESSIVE;
				CLANG_CXX_LANGUAGE_STANDARD = "gnu++20";
				CLANG_ENABLE_MODULES = YES;
				CLANG_ENABLE_OBJC_ARC = YES;
				CLANG_ENABLE_OBJC_WEAK = YES;
				CLANG_WARN_BLOCK_CAPTURE_AUTORELEASING = YES;
				CLANG_WARN_BOOL_CONVERSION = YES;
				CLANG_WARN_COMMA = YES;
				CLANG_WARN_CONSTANT_CONVERSION = YES;
				CLANG_WARN_DEPRECATED_OBJC_IMPLEMENTATIONS = YES;
				CLANG_WARN_DIRECT_OBJC_ISA_USAGE = YES_ERROR;
				CLANG_WARN_DOCUMENTATION_COMMENTS = YES;
				CLANG_WARN_EMPTY_BODY = YES;
				CLANG_WARN_ENUM_CONVERSION = YES;
				CLANG_WARN_INFINITE_RECURSION = YES;
				CLANG_WARN_INT_CONVERSION = YES;
				CLANG_WARN_NON_LITERAL_NULL_CONVERSION = YES;
				CLANG_WARN_OBJC_IMPLICIT_RETAIN_SELF = YES;
				CLANG_WARN_OBJC_LITERAL_CONVERSION = YES;
				CLANG_WARN_OBJC_ROOT_CLASS = YES_ERROR;
				CLANG_WARN_QUOTED_INCLUDE_IN_FRAMEWORK_HEADER = YES;
				CLANG_WARN_RANGE_LOOP_ANALYSIS = YES;
				CLANG_WARN_STRICT_PROTOTYPES = YES;
				CLANG_WARN_SUSPICIOUS_MOVE = YES;
				CLANG_WARN_UNGUARDED_AVAILABILITY = YES_AGGRESSIVE;
				CLANG_WARN_UNREACHABLE_CODE = YES;
				CLANG_WARN__DUPLICATE_METHOD_MATCH = YES;
				COPY_PHASE_STRIP = NO;
				DEBUG_INFORMATION_FORMAT = dwarf;
				ENABLE_STRICT_OBJC_MSGSEND = YES;
				ENABLE_TESTABILITY = YES;
				ENABLE_USER_SCRIPT_SANDBOXING = YES;
				GCC_C_LANGUAGE_STANDARD = gnu17;
				GCC_DYNAMIC_NO_PIC = NO;
				GCC_NO_COMMON_BLOCKS = YES;
				GCC_OPTIMIZATION_LEVEL = 0;
				GCC_PREPROCESSOR_DEFINITIONS = (
					"DEBUG=1",
					"$(inherited)",
				);
				GCC_WARN_64_TO_32_BIT_CONVERSION = YES;
				GCC_WARN_ABOUT_RETURN_TYPE = YES_ERROR;
				GCC_WARN_UNDECLARED_SELECTOR = YES;
				GCC_WARN_UNINITIALIZED_AUTOS = YES_AGGRESSIVE;
				GCC_WARN_UNUSED_FUNCTION = YES;
				GCC_WARN_UNUSED_VARIABLE = YES;
				IPHONEOS_DEPLOYMENT_TARGET = 17.2;
				LOCALIZATION_PREFERS_STRING_CATALOGS = YES;
				MTL_ENABLE_DEBUG_INFO = INCLUDE_SOURCE;
				MTL_FAST_MATH = YES;
				ONLY_ACTIVE_ARCH = YES;
				SDKROOT = iphoneos;
				SWIFT_ACTIVE_COMPILATION_CONDITIONS = "DEBUG $(inherited)";
				SWIFT_OPTIMIZATION_LEVEL = "-Onone";
			};
			name = Debug;
		};
		F62E56F22B5A64EF0008D302 /* Release */ = {
			isa = XCBuildConfiguration;
			buildSettings = {
				ALWAYS_SEARCH_USER_PATHS = NO;
				ASSETCATALOG_COMPILER_GENERATE_SWIFT_ASSET_SYMBOL_EXTENSIONS = YES;
				CLANG_ANALYZER_NONNULL = YES;
				CLANG_ANALYZER_NUMBER_OBJECT_CONVERSION = YES_AGGRESSIVE;
				CLANG_CXX_LANGUAGE_STANDARD = "gnu++20";
				CLANG_ENABLE_MODULES = YES;
				CLANG_ENABLE_OBJC_ARC = YES;
				CLANG_ENABLE_OBJC_WEAK = YES;
				CLANG_WARN_BLOCK_CAPTURE_AUTORELEASING = YES;
				CLANG_WARN_BOOL_CONVERSION = YES;
				CLANG_WARN_COMMA = YES;
				CLANG_WARN_CONSTANT_CONVERSION = YES;
				CLANG_WARN_DEPRECATED_OBJC_IMPLEMENTATIONS = YES;
				CLANG_WARN_DIRECT_OBJC_ISA_USAGE = YES_ERROR;
				CLANG_WARN_DOCUMENTATION_COMMENTS = YES;
				CLANG_WARN_EMPTY_BODY = YES;
				CLANG_WARN_ENUM_CONVERSION = YES;
				CLANG_WARN_INFINITE_RECURSION = YES;
				CLANG_WARN_INT_CONVERSION = YES;
				CLANG_WARN_NON_LITERAL_NULL_CONVERSION = YES;
				CLANG_WARN_OBJC_IMPLICIT_RETAIN_SELF = YES;
				CLANG_WARN_OBJC_LITERAL_CONVERSION = YES;
				CLANG_WARN_OBJC_ROOT_CLASS = YES_ERROR;
				CLANG_WARN_QUOTED_INCLUDE_IN_FRAMEWORK_HEADER = YES;
				CLANG_WARN_RANGE_LOOP_ANALYSIS = YES;
				CLANG_WARN_STRICT_PROTOTYPES = YES;
				CLANG_WARN_SUSPICIOUS_MOVE = YES;
				CLANG_WARN_UNGUARDED_AVAILABILITY = YES_AGGRESSIVE;
				CLANG_WARN_UNREACHABLE_CODE = YES;
				CLANG_WARN__DUPLICATE_METHOD_MATCH = YES;
				COPY_PHASE_STRIP = NO;
				DEBUG_INFORMATION_FORMAT = "dwarf-with-dsym";
				ENABLE_NS_ASSERTIONS = NO;
				ENABLE_STRICT_OBJC_MSGSEND = YES;
				ENABLE_USER_SCRIPT_SANDBOXING = YES;
				GCC_C_LANGUAGE_STANDARD = gnu17;
				GCC_NO_COMMON_BLOCKS = YES;
				GCC_WARN_64_TO_32_BIT_CONVERSION = YES;
				GCC_WARN_ABOUT_RETURN_TYPE = YES_ERROR;
				GCC_WARN_UNDECLARED_SELECTOR = YES;
				GCC_WARN_UNINITIALIZED_AUTOS = YES_AGGRESSIVE;
				GCC_WARN_UNUSED_FUNCTION = YES;
				GCC_WARN_UNUSED_VARIABLE = YES;
				IPHONEOS_DEPLOYMENT_TARGET = 17.2;
				LOCALIZATION_PREFERS_STRING_CATALOGS = YES;
				MTL_ENABLE_DEBUG_INFO = NO;
				MTL_FAST_MATH = YES;
				SDKROOT = iphoneos;
				SWIFT_COMPILATION_MODE = wholemodule;
				VALIDATE_PRODUCT = YES;
			};
			name = Release;
		};
		F62E56F42B5A64EF0008D302 /* Debug */ = {
			isa = XCBuildConfiguration;
			buildSettings = {
				ASSETCATALOG_COMPILER_APPICON_NAME = AppIcon;
				ASSETCATALOG_COMPILER_GLOBAL_ACCENT_COLOR_NAME = AccentColor;
				CODE_SIGN_STYLE = Automatic;
				CURRENT_PROJECT_VERSION = 1;
				DEVELOPMENT_ASSET_PATHS = "\"ShabbyBox/Preview Content\"";
				DEVELOPMENT_TEAM = R944P2LYKZ;
				ENABLE_PREVIEWS = YES;
				GENERATE_INFOPLIST_FILE = YES;
				INFOPLIST_KEY_UIApplicationSceneManifest_Generation = YES;
				INFOPLIST_KEY_UIApplicationSupportsIndirectInputEvents = YES;
				INFOPLIST_KEY_UILaunchScreen_Generation = YES;
				INFOPLIST_KEY_UISupportedInterfaceOrientations_iPad = "UIInterfaceOrientationPortrait UIInterfaceOrientationPortraitUpsideDown UIInterfaceOrientationLandscapeLeft UIInterfaceOrientationLandscapeRight";
				INFOPLIST_KEY_UISupportedInterfaceOrientations_iPhone = "UIInterfaceOrientationPortrait UIInterfaceOrientationLandscapeLeft UIInterfaceOrientationLandscapeRight";
				IPHONEOS_DEPLOYMENT_TARGET = 16.0;
				LD_RUNPATH_SEARCH_PATHS = (
					"$(inherited)",
					"@executable_path/Frameworks",
				);
				MARKETING_VERSION = 1.0;
				PRODUCT_BUNDLE_IDENTIFIER = com.seungyooooong.ShabbyBox;
				PRODUCT_NAME = "$(TARGET_NAME)";
				SWIFT_EMIT_LOC_STRINGS = YES;
				SWIFT_VERSION = 5.0;
				TARGETED_DEVICE_FAMILY = "1,2";
			};
			name = Debug;
		};
		F62E56F52B5A64EF0008D302 /* Release */ = {
			isa = XCBuildConfiguration;
			buildSettings = {
				ASSETCATALOG_COMPILER_APPICON_NAME = AppIcon;
				ASSETCATALOG_COMPILER_GLOBAL_ACCENT_COLOR_NAME = AccentColor;
				CODE_SIGN_STYLE = Automatic;
				CURRENT_PROJECT_VERSION = 1;
				DEVELOPMENT_ASSET_PATHS = "\"ShabbyBox/Preview Content\"";
				DEVELOPMENT_TEAM = R944P2LYKZ;
				ENABLE_PREVIEWS = YES;
				GENERATE_INFOPLIST_FILE = YES;
				INFOPLIST_KEY_UIApplicationSceneManifest_Generation = YES;
				INFOPLIST_KEY_UIApplicationSupportsIndirectInputEvents = YES;
				INFOPLIST_KEY_UILaunchScreen_Generation = YES;
				INFOPLIST_KEY_UISupportedInterfaceOrientations_iPad = "UIInterfaceOrientationPortrait UIInterfaceOrientationPortraitUpsideDown UIInterfaceOrientationLandscapeLeft UIInterfaceOrientationLandscapeRight";
				INFOPLIST_KEY_UISupportedInterfaceOrientations_iPhone = "UIInterfaceOrientationPortrait UIInterfaceOrientationLandscapeLeft UIInterfaceOrientationLandscapeRight";
				IPHONEOS_DEPLOYMENT_TARGET = 16.0;
				LD_RUNPATH_SEARCH_PATHS = (
					"$(inherited)",
					"@executable_path/Frameworks",
				);
				MARKETING_VERSION = 1.0;
				PRODUCT_BUNDLE_IDENTIFIER = com.seungyooooong.ShabbyBox;
				PRODUCT_NAME = "$(TARGET_NAME)";
				SWIFT_EMIT_LOC_STRINGS = YES;
				SWIFT_VERSION = 5.0;
				TARGETED_DEVICE_FAMILY = "1,2";
			};
			name = Release;
		};
/* End XCBuildConfiguration section */

/* Begin XCConfigurationList section */
		F62E56E02B5A64EE0008D302 /* Build configuration list for PBXProject "ShabbyBox" */ = {
			isa = XCConfigurationList;
			buildConfigurations = (
				F62E56F12B5A64EF0008D302 /* Debug */,
				F62E56F22B5A64EF0008D302 /* Release */,
			);
			defaultConfigurationIsVisible = 0;
			defaultConfigurationName = Release;
		};
		F62E56F32B5A64EF0008D302 /* Build configuration list for PBXNativeTarget "ShabbyBox" */ = {
			isa = XCConfigurationList;
			buildConfigurations = (
				F62E56F42B5A64EF0008D302 /* Debug */,
				F62E56F52B5A64EF0008D302 /* Release */,
			);
			defaultConfigurationIsVisible = 0;
			defaultConfigurationName = Release;
		};
/* End XCConfigurationList section */
	};
	rootObject = F62E56DD2B5A64EE0008D302 /* Project object */;
}
